
Microsoft Visual Studio Solution File, Format Version 12.00
# Visual Studio Version 17
VisualStudioVersion = 17.13.35825.156 d17.13
MinimumVisualStudioVersion = 10.0.40219.1
Project("{FAE04EC0-301F-11D3-BF4B-00C04F79EFBC}") = "Sum Two Number", "Sum Two Number.csproj", "{23BEE8EF-D6E5-4007-ABB2-675B25B98319}"
EndProject
Global
	GlobalSection(SolutionConfigurationPlatforms) = preSolution
		Debug|Any CPU = Debug|Any CPU
		Release|Any CPU = Release|Any CPU
	EndGlobalSection
	GlobalSection(ProjectConfigurationPlatforms) = postSolution
		{23BEE8EF-D6E5-4007-ABB2-675B25B98319}.Debug|Any CPU.ActiveCfg = Debug|Any CPU
		{23BEE8EF-D6E5-4007-ABB2-675B25B98319}.Debug|Any CPU.Build.0 = Debug|Any CPU
		{23BEE8EF-D6E5-4007-ABB2-675B25B98319}.Release|Any CPU.ActiveCfg = Release|Any CPU
		{23BEE8EF-D6E5-4007-ABB2-675B25B98319}.Release|Any CPU.Build.0 = Release|Any CPU
	EndGlobalSection
	GlobalSection(SolutionProperties) = preSolution
		HideSolutionNode = FALSE
	EndGlobalSection
	GlobalSection(ExtensibilityGlobals) = postSolution
		SolutionGuid = {C983EB66-0EA9-4654-8838-66B9A1A4638F}
	EndGlobalSection
EndGlobal
